
Microsoft Visual Studio Solution File, Format Version 12.00
# Visual Studio Version 17
VisualStudioVersion = 17.12.35527.113
MinimumVisualStudioVersion = 10.0.40219.1
Project("{FAE04EC0-301F-11D3-BF4B-00C04F79EFBC}") = "CalculatorLibrary", "CalculatorLibrary\CalculatorLibrary.csproj", "{71F0281D-912B-4629-8E06-DFCF4F590FC2}"
EndProject
Project("{9A19103F-16F7-4668-BE54-9A1E7A4F7556}") = "Calculator", "Calculator\Calculator.csproj", "{D9940673-D6E3-4800-8E8D-CC83DC44CD48}"
EndProject
Project("{FAE04EC0-301F-11D3-BF4B-00C04F79EFBC}") = "CalculatorUsingProperties", "PropertiesApplication\CalculatorUsingProperties.csproj", "{1A725BFF-C3A8-4DE8-9769-F754C640120F}"
EndProject
Global
	GlobalSection(SolutionConfigurationPlatforms) = preSolution
		Debug|Any CPU = Debug|Any CPU
		Release|Any CPU = Release|Any CPU
	EndGlobalSection
	GlobalSection(ProjectConfigurationPlatforms) = postSolution
		{71F0281D-912B-4629-8E06-DFCF4F590FC2}.Debug|Any CPU.ActiveCfg = Debug|Any CPU
		{71F0281D-912B-4629-8E06-DFCF4F590FC2}.Debug|Any CPU.Build.0 = Debug|Any CPU
		{71F0281D-912B-4629-8E06-DFCF4F590FC2}.Release|Any CPU.ActiveCfg = Release|Any CPU
		{71F0281D-912B-4629-8E06-DFCF4F590FC2}.Release|Any CPU.Build.0 = Release|Any CPU
		{D9940673-D6E3-4800-8E8D-CC83DC44CD48}.Debug|Any CPU.ActiveCfg = Debug|Any CPU
		{D9940673-D6E3-4800-8E8D-CC83DC44CD48}.Debug|Any CPU.Build.0 = Debug|Any CPU
		{D9940673-D6E3-4800-8E8D-CC83DC44CD48}.Release|Any CPU.ActiveCfg = Release|Any CPU
		{D9940673-D6E3-4800-8E8D-CC83DC44CD48}.Release|Any CPU.Build.0 = Release|Any CPU
		{1A725BFF-C3A8-4DE8-9769-F754C640120F}.Debug|Any CPU.ActiveCfg = Debug|Any CPU
		{1A725BFF-C3A8-4DE8-9769-F754C640120F}.Debug|Any CPU.Build.0 = Debug|Any CPU
		{1A725BFF-C3A8-4DE8-9769-F754C640120F}.Release|Any CPU.ActiveCfg = Release|Any CPU
		{1A725BFF-C3A8-4DE8-9769-F754C640120F}.Release|Any CPU.Build.0 = Release|Any CPU
	EndGlobalSection
	GlobalSection(SolutionProperties) = preSolution
		HideSolutionNode = FALSE
	EndGlobalSection
	GlobalSection(ExtensibilityGlobals) = postSolution
		SolutionGuid = {8C200A6C-DDE1-41BF-9F5A-89AE366AC842}
	EndGlobalSection
EndGlobal
