
Microsoft Visual Studio Solution File, Format Version 12.00
# Visual Studio Version 17
VisualStudioVersion = 17.3.32922.545
MinimumVisualStudioVersion = 10.0.40219.1
Project("{9A19103F-16F7-4668-BE54-9A1E7A4F7556}") = "ClassLibrary", "ClassLibrary\ClassLibrary.csproj", "{D8D941FD-A599-4E0D-9385-817D671500ED}"
EndProject
Project("{9A19103F-16F7-4668-BE54-9A1E7A4F7556}") = "Calculator", "Calculator\Calculator.csproj", "{0ACE0436-5255-42B2-97F3-BF7C929D6A35}"
EndProject
Project("{9A19103F-16F7-4668-BE54-9A1E7A4F7556}") = "Calculot", "Calculot\Calculot.csproj", "{E8BF898E-8F3D-4577-A10D-740EF9DC61CB}"
EndProject
Project("{FAE04EC0-301F-11D3-BF4B-00C04F79EFBC}") = "ShapeCalcu", "ShapeCalcu\ShapeCalcu.csproj", "{F167AF32-DF36-4615-9D2F-4A8B79428ACB}"
EndProject
Global
	GlobalSection(SolutionConfigurationPlatforms) = preSolution
		Debug|Any CPU = Debug|Any CPU
		Release|Any CPU = Release|Any CPU
	EndGlobalSection
	GlobalSection(ProjectConfigurationPlatforms) = postSolution
		{D8D941FD-A599-4E0D-9385-817D671500ED}.Debug|Any CPU.ActiveCfg = Debug|Any CPU
		{D8D941FD-A599-4E0D-9385-817D671500ED}.Debug|Any CPU.Build.0 = Debug|Any CPU
		{D8D941FD-A599-4E0D-9385-817D671500ED}.Release|Any CPU.ActiveCfg = Release|Any CPU
		{D8D941FD-A599-4E0D-9385-817D671500ED}.Release|Any CPU.Build.0 = Release|Any CPU
		{0ACE0436-5255-42B2-97F3-BF7C929D6A35}.Debug|Any CPU.ActiveCfg = Debug|Any CPU
		{0ACE0436-5255-42B2-97F3-BF7C929D6A35}.Debug|Any CPU.Build.0 = Debug|Any CPU
		{0ACE0436-5255-42B2-97F3-BF7C929D6A35}.Release|Any CPU.ActiveCfg = Release|Any CPU
		{0ACE0436-5255-42B2-97F3-BF7C929D6A35}.Release|Any CPU.Build.0 = Release|Any CPU
		{E8BF898E-8F3D-4577-A10D-740EF9DC61CB}.Debug|Any CPU.ActiveCfg = Debug|Any CPU
		{E8BF898E-8F3D-4577-A10D-740EF9DC61CB}.Debug|Any CPU.Build.0 = Debug|Any CPU
		{E8BF898E-8F3D-4577-A10D-740EF9DC61CB}.Release|Any CPU.ActiveCfg = Release|Any CPU
		{E8BF898E-8F3D-4577-A10D-740EF9DC61CB}.Release|Any CPU.Build.0 = Release|Any CPU
		{F167AF32-DF36-4615-9D2F-4A8B79428ACB}.Debug|Any CPU.ActiveCfg = Debug|Any CPU
		{F167AF32-DF36-4615-9D2F-4A8B79428ACB}.Debug|Any CPU.Build.0 = Debug|Any CPU
		{F167AF32-DF36-4615-9D2F-4A8B79428ACB}.Release|Any CPU.ActiveCfg = Release|Any CPU
		{F167AF32-DF36-4615-9D2F-4A8B79428ACB}.Release|Any CPU.Build.0 = Release|Any CPU
	EndGlobalSection
	GlobalSection(SolutionProperties) = preSolution
		HideSolutionNode = FALSE
	EndGlobalSection
	GlobalSection(ExtensibilityGlobals) = postSolution
		SolutionGuid = {6F8D5B15-2886-4394-A8E9-28C8909ABFF9}
	EndGlobalSection
EndGlobal
