
Microsoft Visual Studio Solution File, Format Version 12.00
# Visual Studio Version 17
VisualStudioVersion = 17.3.32922.545
MinimumVisualStudioVersion = 10.0.40219.1
Project("{FAE04EC0-301F-11D3-BF4B-00C04F79EFBC}") = "CalculatorAllan", "CalculatorAllan\CalculatorAllan.csproj", "{365C4427-39E0-4432-807A-9DB560A6AA22}"
EndProject
Project("{FAE04EC0-301F-11D3-BF4B-00C04F79EFBC}") = "CalcuLibs", "CalcuLibs\CalcuLibs.csproj", "{909947A6-1DA1-446A-827A-5590B56517FA}"
EndProject
Global
	GlobalSection(SolutionConfigurationPlatforms) = preSolution
		Debug|Any CPU = Debug|Any CPU
		Release|Any CPU = Release|Any CPU
	EndGlobalSection
	GlobalSection(ProjectConfigurationPlatforms) = postSolution
		{365C4427-39E0-4432-807A-9DB560A6AA22}.Debug|Any CPU.ActiveCfg = Debug|Any CPU
		{365C4427-39E0-4432-807A-9DB560A6AA22}.Debug|Any CPU.Build.0 = Debug|Any CPU
		{365C4427-39E0-4432-807A-9DB560A6AA22}.Release|Any CPU.ActiveCfg = Release|Any CPU
		{365C4427-39E0-4432-807A-9DB560A6AA22}.Release|Any CPU.Build.0 = Release|Any CPU
		{909947A6-1DA1-446A-827A-5590B56517FA}.Debug|Any CPU.ActiveCfg = Debug|Any CPU
		{909947A6-1DA1-446A-827A-5590B56517FA}.Debug|Any CPU.Build.0 = Debug|Any CPU
		{909947A6-1DA1-446A-827A-5590B56517FA}.Release|Any CPU.ActiveCfg = Release|Any CPU
		{909947A6-1DA1-446A-827A-5590B56517FA}.Release|Any CPU.Build.0 = Release|Any CPU
	EndGlobalSection
	GlobalSection(SolutionProperties) = preSolution
		HideSolutionNode = FALSE
	EndGlobalSection
	GlobalSection(ExtensibilityGlobals) = postSolution
		SolutionGuid = {93222046-A6F4-4E4B-B641-69AE05C03CD5}
	EndGlobalSection
EndGlobal
