
Microsoft Visual Studio Solution File, Format Version 12.00
# Visual Studio Version 17
VisualStudioVersion = 17.12.35728.132 d17.12
MinimumVisualStudioVersion = 10.0.40219.1
Project("{FAE04EC0-301F-11D3-BF4B-00C04F79EFBC}") = "LinearEquation", "LinearEquation\LinearEquation.csproj", "{91338119-C33E-4950-A2C2-A981BFE031A7}"
EndProject
Project("{2150E333-8FDC-42A3-9474-1A3956D46DE8}") = "Formula", "Formula", "{346386FD-2E59-4601-92F8-B8AA3770A89E}"
EndProject
Project("{2150E333-8FDC-42A3-9474-1A3956D46DE8}") = "LinearFormula", "LinearFormula", "{2D5DC7C0-1AC0-412F-A101-9F544791E0F1}"
EndProject
Project("{FAE04EC0-301F-11D3-BF4B-00C04F79EFBC}") = "LinearFormula", "LinearFormula\LinearFormula.csproj", "{3E138ADB-977A-4059-8699-4C9299439584}"
EndProject
Global
	GlobalSection(SolutionConfigurationPlatforms) = preSolution
		Debug|Any CPU = Debug|Any CPU
		Release|Any CPU = Release|Any CPU
	EndGlobalSection
	GlobalSection(ProjectConfigurationPlatforms) = postSolution
		{91338119-C33E-4950-A2C2-A981BFE031A7}.Debug|Any CPU.ActiveCfg = Debug|Any CPU
		{91338119-C33E-4950-A2C2-A981BFE031A7}.Debug|Any CPU.Build.0 = Debug|Any CPU
		{91338119-C33E-4950-A2C2-A981BFE031A7}.Release|Any CPU.ActiveCfg = Release|Any CPU
		{91338119-C33E-4950-A2C2-A981BFE031A7}.Release|Any CPU.Build.0 = Release|Any CPU
		{3E138ADB-977A-4059-8699-4C9299439584}.Debug|Any CPU.ActiveCfg = Debug|Any CPU
		{3E138ADB-977A-4059-8699-4C9299439584}.Debug|Any CPU.Build.0 = Debug|Any CPU
		{3E138ADB-977A-4059-8699-4C9299439584}.Release|Any CPU.ActiveCfg = Release|Any CPU
		{3E138ADB-977A-4059-8699-4C9299439584}.Release|Any CPU.Build.0 = Release|Any CPU
	EndGlobalSection
	GlobalSection(SolutionProperties) = preSolution
		HideSolutionNode = FALSE
	EndGlobalSection
	GlobalSection(NestedProjects) = preSolution
		{2D5DC7C0-1AC0-412F-A101-9F544791E0F1} = {346386FD-2E59-4601-92F8-B8AA3770A89E}
		{3E138ADB-977A-4059-8699-4C9299439584} = {2D5DC7C0-1AC0-412F-A101-9F544791E0F1}
	EndGlobalSection
EndGlobal
