
Microsoft Visual Studio Solution File, Format Version 12.00
# Visual Studio Version 17
VisualStudioVersion = 17.3.32922.545
MinimumVisualStudioVersion = 10.0.40219.1
Project("{FAE04EC0-301F-11D3-BF4B-00C04F79EFBC}") = "CalculatorLibraryV2", "CalculatorLibraryV2\CalculatorLibraryV2.csproj", "{5338F13D-F56C-42FB-BAF7-111F817D56BA}"
EndProject
Project("{FAE04EC0-301F-11D3-BF4B-00C04F79EFBC}") = "CalcuLibs", "CalcuLibs\CalcuLibs.csproj", "{8439825F-045C-47D5-8546-8E5421555DB6}"
EndProject
Global
	GlobalSection(SolutionConfigurationPlatforms) = preSolution
		Debug|Any CPU = Debug|Any CPU
		Release|Any CPU = Release|Any CPU
	EndGlobalSection
	GlobalSection(ProjectConfigurationPlatforms) = postSolution
		{5338F13D-F56C-42FB-BAF7-111F817D56BA}.Debug|Any CPU.ActiveCfg = Debug|Any CPU
		{5338F13D-F56C-42FB-BAF7-111F817D56BA}.Debug|Any CPU.Build.0 = Debug|Any CPU
		{5338F13D-F56C-42FB-BAF7-111F817D56BA}.Release|Any CPU.ActiveCfg = Release|Any CPU
		{5338F13D-F56C-42FB-BAF7-111F817D56BA}.Release|Any CPU.Build.0 = Release|Any CPU
		{8439825F-045C-47D5-8546-8E5421555DB6}.Debug|Any CPU.ActiveCfg = Debug|Any CPU
		{8439825F-045C-47D5-8546-8E5421555DB6}.Debug|Any CPU.Build.0 = Debug|Any CPU
		{8439825F-045C-47D5-8546-8E5421555DB6}.Release|Any CPU.ActiveCfg = Release|Any CPU
		{8439825F-045C-47D5-8546-8E5421555DB6}.Release|Any CPU.Build.0 = Release|Any CPU
	EndGlobalSection
	GlobalSection(SolutionProperties) = preSolution
		HideSolutionNode = FALSE
	EndGlobalSection
	GlobalSection(ExtensibilityGlobals) = postSolution
		SolutionGuid = {61E49F97-13A1-49E4-8489-9F914F708D63}
	EndGlobalSection
EndGlobal
