
Microsoft Visual Studio Solution File, Format Version 12.00
# Visual Studio Version 17
VisualStudioVersion = 17.3.32922.545
MinimumVisualStudioVersion = 10.0.40219.1
Project("{FAE04EC0-301F-11D3-BF4B-00C04F79EFBC}") = "CalculatorUsingProperties", "BasicWithProperty\CalculatorUsingProperties.csproj", "{2470E953-0861-4AA6-A4A9-39AA9E26AFA7}"
EndProject
Project("{FAE04EC0-301F-11D3-BF4B-00C04F79EFBC}") = "CalculatorLibrary", "BasicWithProperties\CalculatorLibrary.csproj", "{DDE05D24-2EA9-4CFA-BC7D-FF125462212D}"
EndProject
Project("{FAE04EC0-301F-11D3-BF4B-00C04F79EFBC}") = "Calculator", "Calculator\Calculator.csproj", "{D248361F-AC94-4423-B220-205EB55F84DE}"
EndProject
Global
	GlobalSection(SolutionConfigurationPlatforms) = preSolution
		Debug|Any CPU = Debug|Any CPU
		Release|Any CPU = Release|Any CPU
	EndGlobalSection
	GlobalSection(ProjectConfigurationPlatforms) = postSolution
		{2470E953-0861-4AA6-A4A9-39AA9E26AFA7}.Debug|Any CPU.ActiveCfg = Debug|Any CPU
		{2470E953-0861-4AA6-A4A9-39AA9E26AFA7}.Debug|Any CPU.Build.0 = Debug|Any CPU
		{2470E953-0861-4AA6-A4A9-39AA9E26AFA7}.Release|Any CPU.ActiveCfg = Release|Any CPU
		{2470E953-0861-4AA6-A4A9-39AA9E26AFA7}.Release|Any CPU.Build.0 = Release|Any CPU
		{DDE05D24-2EA9-4CFA-BC7D-FF125462212D}.Debug|Any CPU.ActiveCfg = Debug|Any CPU
		{DDE05D24-2EA9-4CFA-BC7D-FF125462212D}.Debug|Any CPU.Build.0 = Debug|Any CPU
		{DDE05D24-2EA9-4CFA-BC7D-FF125462212D}.Release|Any CPU.ActiveCfg = Release|Any CPU
		{DDE05D24-2EA9-4CFA-BC7D-FF125462212D}.Release|Any CPU.Build.0 = Release|Any CPU
		{D248361F-AC94-4423-B220-205EB55F84DE}.Debug|Any CPU.ActiveCfg = Debug|Any CPU
		{D248361F-AC94-4423-B220-205EB55F84DE}.Debug|Any CPU.Build.0 = Debug|Any CPU
		{D248361F-AC94-4423-B220-205EB55F84DE}.Release|Any CPU.ActiveCfg = Release|Any CPU
		{D248361F-AC94-4423-B220-205EB55F84DE}.Release|Any CPU.Build.0 = Release|Any CPU
	EndGlobalSection
	GlobalSection(SolutionProperties) = preSolution
		HideSolutionNode = FALSE
	EndGlobalSection
	GlobalSection(ExtensibilityGlobals) = postSolution
		SolutionGuid = {CDB87977-E615-4A65-9EC9-0A7E92215E14}
	EndGlobalSection
EndGlobal
